// !$*UTF8*$!
{
	archiveVersion = 1;
	classes = {
	};
	objectVersion = 46;
	objects = {

/* Begin PBXBuildFile section */
		41D8C0DC1C53A1FA0004BFDD /* AppDelegate.swift in Sources */ = {isa = PBXBuildFile; fileRef = 41D8C0DB1C53A1FA0004BFDD /* AppDelegate.swift */; };
		41D8C0DE1C53A1FA0004BFDD /* ViewController.swift in Sources */ = {isa = PBXBuildFile; fileRef = 41D8C0DD1C53A1FA0004BFDD /* ViewController.swift */; };
		41D8C0E11C53A1FA0004BFDD /* Main.storyboard in Resources */ = {isa = PBXBuildFile; fileRef = 41D8C0DF1C53A1FA0004BFDD /* Main.storyboard */; };
		41D8C0E31C53A1FA0004BFDD /* Assets.xcassets in Resources */ = {isa = PBXBuildFile; fileRef = 41D8C0E21C53A1FA0004BFDD /* Assets.xcassets */; };
		41D8C0E61C53A1FA0004BFDD /* LaunchScreen.storyboard in Resources */ = {isa = PBXBuildFile; fileRef = 41D8C0E41C53A1FA0004BFDD /* LaunchScreen.storyboard */; };
/* End PBXBuildFile section */

/* Begin PBXFileReference section */
		41D8C0D81C53A1FA0004BFDD /* sm3d.app */ = {isa = PBXFileReference; explicitFileType = wrapper.application; includeInIndex = 0; path = sm3d.app; sourceTree = BUILT_PRODUCTS_DIR; };
		41D8C0DB1C53A1FA0004BFDD /* AppDelegate.swift */ = {isa = PBXFileReference; lastKnownFileType = sourcecode.swift; path = AppDelegate.swift; sourceTree = "<group>"; };
		41D8C0DD1C53A1FA0004BFDD /* ViewController.swift */ = {isa = PBXFileReference; lastKnownFileType = sourcecode.swift; path = ViewController.swift; sourceTree = "<group>"; };
		41D8C0E01C53A1FA0004BFDD /* Base */ = {isa = PBXFileReference; lastKnownFileType = file.storyboard; name = Base; path = Base.lproj/Main.storyboard; sourceTree = "<group>"; };
		41D8C0E21C53A1FA0004BFDD /* Assets.xcassets */ = {isa = PBXFileReference; lastKnownFileType = folder.assetcatalog; path = Assets.xcassets; sourceTree = "<group>"; };
		41D8C0E51C53A1FA0004BFDD /* Base */ = {isa = PBXFileReference; lastKnownFileType = file.storyboard; name = Base; path = Base.lproj/LaunchScreen.storyboard; sourceTree = "<group>"; };
		41D8C0E71C53A1FA0004BFDD /* Info.plist */ = {isa = PBXFileReference; lastKnownFileType = text.plist.xml; path = Info.plist; sourceTree = "<group>"; };
/* End PBXFileReference section */

/* Begin PBXFrameworksBuildPhase section */
		41D8C0D51C53A1FA0004BFDD /* Frameworks */ = {
			isa = PBXFrameworksBuildPhase;
			buildActionMask = 2147483647;
			files = (
			);
			runOnlyForDeploymentPostprocessing = 0;
		};
/* End PBXFrameworksBuildPhase section */

/* Begin PBXGroup section */
		41D8C0CF1C53A1FA0004BFDD = {
			isa = PBXGroup;
			children = (
				41D8C0DA1C53A1FA0004BFDD /* sm3d */,
				41D8C0D91C53A1FA0004BFDD /* Products */,
			);
			sourceTree = "<group>";
		};
		41D8C0D91C53A1FA0004BFDD /* Products */ = {
			isa = PBXGroup;
			children = (
				41D8C0D81C53A1FA0004BFDD /* sm3d.app */,
			);
			name = Products;
			sourceTree = "<group>";
		};
		41D8C0DA1C53A1FA0004BFDD /* sm3d */ = {
			isa = PBXGroup;
			children = (
				41D8C0DB1C53A1FA0004BFDD /* AppDelegate.swift */,
				41D8C0DD1C53A1FA0004BFDD /* ViewController.swift */,
				41D8C0DF1C53A1FA0004BFDD /* Main.storyboard */,
				41D8C0E21C53A1FA0004BFDD /* Assets.xcassets */,
				41D8C0E41C53A1FA0004BFDD /* LaunchScreen.storyboard */,
				41D8C0E71C53A1FA0004BFDD /* Info.plist */,
			);
			path = sm3d;
			sourceTree = "<group>";
		};
/* End PBXGroup section */

/* Begin PBXNativeTarget section */
		41D8C0D71C53A1FA0004BFDD /* sm3d */ = {
			isa = PBXNativeTarget;
			buildConfigurationList = 41D8C0EA1C53A1FA0004BFDD /* Build configuration list for PBXNativeTarget "sm3d" */;
			buildPhases = (
				41D8C0D41C53A1FA0004BFDD /* Sources */,
				41D8C0D51C53A1FA0004BFDD /* Frameworks */,
				41D8C0D61C53A1FA0004BFDD /* Resources */,
			);
			buildRules = (
			);
			dependencies = (
			);
			name = sm3d;
			productName = sm3d;
			productReference = 41D8C0D81C53A1FA0004BFDD /* sm3d.app */;
			productType = "com.apple.product-type.application";
		};
/* End PBXNativeTarget section */

/* Begin PBXProject section */
		41D8C0D01C53A1FA0004BFDD /* Project object */ = {
			isa = PBXProject;
			attributes = {
				LastSwiftUpdateCheck = 0720;
				LastUpgradeCheck = 0720;
				ORGANIZATIONNAME = kyasu;
				TargetAttributes = {
					41D8C0D71C53A1FA0004BFDD = {
						CreatedOnToolsVersion = 7.2;
					};
				};
			};
			buildConfigurationList = 41D8C0D31C53A1FA0004BFDD /* Build configuration list for PBXProject "sm3d" */;
			compatibilityVersion = "Xcode 3.2";
			developmentRegion = English;
			hasScannedForEncodings = 0;
			knownRegions = (
				en,
				Base,
			);
			mainGroup = 41D8C0CF1C53A1FA0004BFDD;
			productRefGroup = 41D8C0D91C53A1FA0004BFDD /* Products */;
			projectDirPath = "";
			projectRoot = "";
			targets = (
				41D8C0D71C53A1FA0004BFDD /* sm3d */,
			);
		};
/* End PBXProject section */

/* Begin PBXResourcesBuildPhase section */
		41D8C0D61C53A1FA0004BFDD /* Resources */ = {
			isa = PBXResourcesBuildPhase;
			buildActionMask = 2147483647;
			files = (
				41D8C0E61C53A1FA0004BFDD /* LaunchScreen.storyboard in Resources */,
				41D8C0E31C53A1FA0004BFDD /* Assets.xcassets in Resources */,
				41D8C0E11C53A1FA0004BFDD /* Main.storyboard in Resources */,
			);
			runOnlyForDeploymentPostprocessing = 0;
		};
/* End PBXResourcesBuildPhase section */

/* Begin PBXSourcesBuildPhase section */
		41D8C0D41C53A1FA0004BFDD /* Sources */ = {
			isa = PBXSourcesBuildPhase;
			buildActionMask = 2147483647;
			files = (
				41D8C0DE1C53A1FA0004BFDD /* ViewController.swift in Sources */,
				41D8C0DC1C53A1FA0004BFDD /* AppDelegate.swift in Sources */,
			);
			runOnlyForDeploymentPostprocessing = 0;
		};
/* End PBXSourcesBuildPhase section */

/* Begin PBXVariantGroup section */
		41D8C0DF1C53A1FA0004BFDD /* Main.storyboard */ = {
			isa = PBXVariantGroup;
			children = (
				41D8C0E01C53A1FA0004BFDD /* Base */,
			);
			name = Main.storyboard;
			sourceTree = "<group>";
		};
		41D8C0E41C53A1FA0004BFDD /* LaunchScreen.storyboard */ = {
			isa = PBXVariantGroup;
			children = (
				41D8C0E51C53A1FA0004BFDD /* Base */,
			);
			name = LaunchScreen.storyboard;
			sourceTree = "<group>";
		};
/* End PBXVariantGroup section */

/* Begin XCBuildConfiguration section */
		41D8C0E81C53A1FA0004BFDD /* Debug */ = {
			isa = XCBuildConfiguration;
			buildSettings = {
				ALWAYS_SEARCH_USER_PATHS = NO;
				CLANG_CXX_LANGUAGE_STANDARD = "gnu++0x";
				CLANG_CXX_LIBRARY = "libc++";
				CLANG_ENABLE_MODULES = YES;
				CLANG_ENABLE_OBJC_ARC = YES;
				CLANG_WARN_BOOL_CONVERSION = YES;
				CLANG_WARN_CONSTANT_CONVERSION = YES;
				CLANG_WARN_DIRECT_OBJC_ISA_USAGE = YES_ERROR;
				CLANG_WARN_EMPTY_BODY = YES;
				CLANG_WARN_ENUM_CONVERSION = YES;
				CLANG_WARN_INT_CONVERSION = YES;
				CLANG_WARN_OBJC_ROOT_CLASS = YES_ERROR;
				CLANG_WARN_UNREACHABLE_CODE = YES;
				CLANG_WARN__DUPLICATE_METHOD_MATCH = YES;
				"CODE_SIGN_IDENTITY[sdk=iphoneos*]" = "iPhone Developer";
				COPY_PHASE_STRIP = NO;
				DEBUG_INFORMATION_FORMAT = dwarf;
				ENABLE_STRICT_OBJC_MSGSEND = YES;
				ENABLE_TESTABILITY = YES;
				GCC_C_LANGUAGE_STANDARD = gnu99;
				GCC_DYNAMIC_NO_PIC = NO;
				GCC_NO_COMMON_BLOCKS = YES;
				GCC_OPTIMIZATION_LEVEL = 0;
				GCC_PREPROCESSOR_DEFINITIONS = (
					"DEBUG=1",
					"$(inherited)",
				);
				GCC_WARN_64_TO_32_BIT_CONVERSION = YES;
				GCC_WARN_ABOUT_RETURN_TYPE = YES_ERROR;
				GCC_WARN_UNDECLARED_SELECTOR = YES;
				GCC_WARN_UNINITIALIZED_AUTOS = YES_AGGRESSIVE;
				GCC_WARN_UNUSED_FUNCTION = YES;
				GCC_WARN_UNUSED_VARIABLE = YES;
				IPHONEOS_DEPLOYMENT_TARGET = 9.2;
				MTL_ENABLE_DEBUG_INFO = YES;
				ONLY_ACTIVE_ARCH = YES;
				SDKROOT = iphoneos;
				SWIFT_OPTIMIZATION_LEVEL = "-Onone";
			};
			name = Debug;
		};
		41D8C0E91C53A1FA0004BFDD /* Release */ = {
			isa = XCBuildConfiguration;
			buildSettings = {
				ALWAYS_SEARCH_USER_PATHS = NO;
				CLANG_CXX_LANGUAGE_STANDARD = "gnu++0x";
				CLANG_CXX_LIBRARY = "libc++";
				CLANG_ENABLE_MODULES = YES;
				CLANG_ENABLE_OBJC_ARC = YES;
				CLANG_WARN_BOOL_CONVERSION = YES;
				CLANG_WARN_CONSTANT_CONVERSION = YES;
				CLANG_WARN_DIRECT_OBJC_ISA_USAGE = YES_ERROR;
				CLANG_WARN_EMPTY_BODY = YES;
				CLANG_WARN_ENUM_CONVERSION = YES;
				CLANG_WARN_INT_CONVERSION = YES;
				CLANG_WARN_OBJC_ROOT_CLASS = YES_ERROR;
				CLANG_WARN_UNREACHABLE_CODE = YES;
				CLANG_WARN__DUPLICATE_METHOD_MATCH = YES;
				"CODE_SIGN_IDENTITY[sdk=iphoneos*]" = "iPhone Developer";
				COPY_PHASE_STRIP = NO;
				DEBUG_INFORMATION_FORMAT = "dwarf-with-dsym";
				ENABLE_NS_ASSERTIONS = NO;
				ENABLE_STRICT_OBJC_MSGSEND = YES;
				GCC_C_LANGUAGE_STANDARD = gnu99;
				GCC_NO_COMMON_BLOCKS = YES;
				GCC_WARN_64_TO_32_BIT_CONVERSION = YES;
				GCC_WARN_ABOUT_RETURN_TYPE = YES_ERROR;
				GCC_WARN_UNDECLARED_SELECTOR = YES;
				GCC_WARN_UNINITIALIZED_AUTOS = YES_AGGRESSIVE;
				GCC_WARN_UNUSED_FUNCTION = YES;
				GCC_WARN_UNUSED_VARIABLE = YES;
				IPHONEOS_DEPLOYMENT_TARGET = 9.2;
				MTL_ENABLE_DEBUG_INFO = NO;
				SDKROOT = iphoneos;
				VALIDATE_PRODUCT = YES;
			};
			name = Release;
		};
		41D8C0EB1C53A1FA0004BFDD /* Debug */ = {
			isa = XCBuildConfiguration;
			buildSettings = {
				ASSETCATALOG_COMPILER_APPICON_NAME = AppIcon;
				INFOPLIST_FILE = sm3d/Info.plist;
				LD_RUNPATH_SEARCH_PATHS = "$(inherited) @executable_path/Frameworks";
				PRODUCT_BUNDLE_IDENTIFIER = kyasusoft.com.sm3d;
				PRODUCT_NAME = "$(TARGET_NAME)";
			};
			name = Debug;
		};
		41D8C0EC1C53A1FA0004BFDD /* Release */ = {
			isa = XCBuildConfiguration;
			buildSettings = {
				ASSETCATALOG_COMPILER_APPICON_NAME = AppIcon;
				INFOPLIST_FILE = sm3d/Info.plist;
				LD_RUNPATH_SEARCH_PATHS = "$(inherited) @executable_path/Frameworks";
				PRODUCT_BUNDLE_IDENTIFIER = kyasusoft.com.sm3d;
				PRODUCT_NAME = "$(TARGET_NAME)";
			};
			name = Release;
		};
/* End XCBuildConfiguration section */

/* Begin XCConfigurationList section */
		41D8C0D31C53A1FA0004BFDD /* Build configuration list for PBXProject "sm3d" */ = {
			isa = XCConfigurationList;
			buildConfigurations = (
				41D8C0E81C53A1FA0004BFDD /* Debug */,
				41D8C0E91C53A1FA0004BFDD /* Release */,
			);
			defaultConfigurationIsVisible = 0;
			defaultConfigurationName = Release;
		};
		41D8C0EA1C53A1FA0004BFDD /* Build configuration list for PBXNativeTarget "sm3d" */ = {
			isa = XCConfigurationList;
			buildConfigurations = (
				41D8C0EB1C53A1FA0004BFDD /* Debug */,
				41D8C0EC1C53A1FA0004BFDD /* Release */,
			);
			defaultConfigurationIsVisible = 0;
		};
/* End XCConfigurationList section */
	};
	rootObject = 41D8C0D01C53A1FA0004BFDD /* Project object */;
}
